
Microsoft Visual Studio Solution File, Format Version 12.00
# Visual Studio Version 17
VisualStudioVersion = 17.7.34009.444
MinimumVisualStudioVersion = 10.0.40219.1
Project("{9A19103F-16F7-4668-BE54-9A1E7A4F7556}") = "ECommerce.Api.Products", "ECommerce.Api.Products\ECommerce.Api.Products.csproj", "{8817B773-B6C7-4DCA-93DC-84A764470C9F}"
EndProject
Project("{9A19103F-16F7-4668-BE54-9A1E7A4F7556}") = "ECommerce.Api.Customers", "ECommerce.Api.Customers\ECommerce.Api.Customers.csproj", "{86968EB5-7137-4CB5-962F-189BE01DC071}"
EndProject
Project("{9A19103F-16F7-4668-BE54-9A1E7A4F7556}") = "ECommerce.Api.Orders", "ECommerce.Api.Orders\ECommerce.Api.Orders.csproj", "{BD81BAAA-4FB7-4B18-912B-B2BCD940D5D1}"
EndProject
Project("{9A19103F-16F7-4668-BE54-9A1E7A4F7556}") = "ECommerce.Api.Search", "ECommerce.Api.Search\ECommerce.Api.Search.csproj", "{9AF1DB28-BBDC-4B8A-A766-5A312EAB180F}"
EndProject
Project("{FAE04EC0-301F-11D3-BF4B-00C04F79EFBC}") = "ECommerce.Api.Products.Tests", "ECommerce.Api.Products.Tests\ECommerce.Api.Products.Tests.csproj", "{DE51CF88-1F87-4B3A-9091-2590E9CAFF16}"
EndProject
Global
	GlobalSection(SolutionConfigurationPlatforms) = preSolution
		Debug|Any CPU = Debug|Any CPU
		Release|Any CPU = Release|Any CPU
	EndGlobalSection
	GlobalSection(ProjectConfigurationPlatforms) = postSolution
		{8817B773-B6C7-4DCA-93DC-84A764470C9F}.Debug|Any CPU.ActiveCfg = Debug|Any CPU
		{8817B773-B6C7-4DCA-93DC-84A764470C9F}.Debug|Any CPU.Build.0 = Debug|Any CPU
		{8817B773-B6C7-4DCA-93DC-84A764470C9F}.Release|Any CPU.ActiveCfg = Release|Any CPU
		{8817B773-B6C7-4DCA-93DC-84A764470C9F}.Release|Any CPU.Build.0 = Release|Any CPU
		{86968EB5-7137-4CB5-962F-189BE01DC071}.Debug|Any CPU.ActiveCfg = Debug|Any CPU
		{86968EB5-7137-4CB5-962F-189BE01DC071}.Debug|Any CPU.Build.0 = Debug|Any CPU
		{86968EB5-7137-4CB5-962F-189BE01DC071}.Release|Any CPU.ActiveCfg = Release|Any CPU
		{86968EB5-7137-4CB5-962F-189BE01DC071}.Release|Any CPU.Build.0 = Release|Any CPU
		{BD81BAAA-4FB7-4B18-912B-B2BCD940D5D1}.Debug|Any CPU.ActiveCfg = Debug|Any CPU
		{BD81BAAA-4FB7-4B18-912B-B2BCD940D5D1}.Debug|Any CPU.Build.0 = Debug|Any CPU
		{BD81BAAA-4FB7-4B18-912B-B2BCD940D5D1}.Release|Any CPU.ActiveCfg = Release|Any CPU
		{BD81BAAA-4FB7-4B18-912B-B2BCD940D5D1}.Release|Any CPU.Build.0 = Release|Any CPU
		{9AF1DB28-BBDC-4B8A-A766-5A312EAB180F}.Debug|Any CPU.ActiveCfg = Debug|Any CPU
		{9AF1DB28-BBDC-4B8A-A766-5A312EAB180F}.Debug|Any CPU.Build.0 = Debug|Any CPU
		{9AF1DB28-BBDC-4B8A-A766-5A312EAB180F}.Release|Any CPU.ActiveCfg = Release|Any CPU
		{9AF1DB28-BBDC-4B8A-A766-5A312EAB180F}.Release|Any CPU.Build.0 = Release|Any CPU
		{DE51CF88-1F87-4B3A-9091-2590E9CAFF16}.Debug|Any CPU.ActiveCfg = Debug|Any CPU
		{DE51CF88-1F87-4B3A-9091-2590E9CAFF16}.Debug|Any CPU.Build.0 = Debug|Any CPU
		{DE51CF88-1F87-4B3A-9091-2590E9CAFF16}.Release|Any CPU.ActiveCfg = Release|Any CPU
		{DE51CF88-1F87-4B3A-9091-2590E9CAFF16}.Release|Any CPU.Build.0 = Release|Any CPU
	EndGlobalSection
	GlobalSection(SolutionProperties) = preSolution
		HideSolutionNode = FALSE
	EndGlobalSection
	GlobalSection(ExtensibilityGlobals) = postSolution
		SolutionGuid = {E810E5F5-3C78-44A5-A50E-228E92C06A46}
	EndGlobalSection
EndGlobal
